// !$*UTF8*$!
{
	archiveVersion = 1;
	classes = {
	};
	objectVersion = 50;
	objects = {

/* Begin PBXBuildFile section */
		7E6A3C7725BC1A2200B7D354 /* AppDelegate.swift in Sources */ = {isa = PBXBuildFile; fileRef = 7E6A3C7625BC1A2200B7D354 /* AppDelegate.swift */; };
		7E6A3C7925BC1A2200B7D354 /* SceneDelegate.swift in Sources */ = {isa = PBXBuildFile; fileRef = 7E6A3C7825BC1A2200B7D354 /* SceneDelegate.swift */; };
		7E6A3C7B25BC1A2200B7D354 /* ViewController.swift in Sources */ = {isa = PBXBuildFile; fileRef = 7E6A3C7A25BC1A2200B7D354 /* ViewController.swift */; };
		7E6A3C7E25BC1A2200B7D354 /* Main.storyboard in Resources */ = {isa = PBXBuildFile; fileRef = 7E6A3C7C25BC1A2200B7D354 /* Main.storyboard */; };
		7E6A3C8025BC1A2300B7D354 /* Assets.xcassets in Resources */ = {isa = PBXBuildFile; fileRef = 7E6A3C7F25BC1A2300B7D354 /* Assets.xcassets */; };
		7E6A3C8325BC1A2300B7D354 /* LaunchScreen.storyboard in Resources */ = {isa = PBXBuildFile; fileRef = 7E6A3C8125BC1A2300B7D354 /* LaunchScreen.storyboard */; };
		7E6A3C8E25BC1A2300B7D354 /* testTests.swift in Sources */ = {isa = PBXBuildFile; fileRef = 7E6A3C8D25BC1A2300B7D354 /* testTests.swift */; };
		7E6A3C9925BC1A2300B7D354 /* testUITests.swift in Sources */ = {isa = PBXBuildFile; fileRef = 7E6A3C9825BC1A2300B7D354 /* testUITests.swift */; };
/* End PBXBuildFile section */

/* Begin PBXContainerItemProxy section */
		7E6A3C8A25BC1A2300B7D354 /* PBXContainerItemProxy */ = {
			isa = PBXContainerItemProxy;
			containerPortal = 7E6A3C6B25BC1A2200B7D354 /* Project object */;
			proxyType = 1;
			remoteGlobalIDString = 7E6A3C7225BC1A2200B7D354;
			remoteInfo = test;
		};
		7E6A3C9525BC1A2300B7D354 /* PBXContainerItemProxy */ = {
			isa = PBXContainerItemProxy;
			containerPortal = 7E6A3C6B25BC1A2200B7D354 /* Project object */;
			proxyType = 1;
			remoteGlobalIDString = 7E6A3C7225BC1A2200B7D354;
			remoteInfo = test;
		};
/* End PBXContainerItemProxy section */

/* Begin PBXFileReference section */
		7E6A3C7325BC1A2200B7D354 /* test.app */ = {isa = PBXFileReference; explicitFileType = wrapper.application; includeInIndex = 0; path = test.app; sourceTree = BUILT_PRODUCTS_DIR; };
		7E6A3C7625BC1A2200B7D354 /* AppDelegate.swift */ = {isa = PBXFileReference; lastKnownFileType = sourcecode.swift; path = AppDelegate.swift; sourceTree = "<group>"; };
		7E6A3C7825BC1A2200B7D354 /* SceneDelegate.swift */ = {isa = PBXFileReference; lastKnownFileType = sourcecode.swift; path = SceneDelegate.swift; sourceTree = "<group>"; };
		7E6A3C7A25BC1A2200B7D354 /* ViewController.swift */ = {isa = PBXFileReference; lastKnownFileType = sourcecode.swift; path = ViewController.swift; sourceTree = "<group>"; };
		7E6A3C7D25BC1A2200B7D354 /* Base */ = {isa = PBXFileReference; lastKnownFileType = file.storyboard; name = Base; path = Base.lproj/Main.storyboard; sourceTree = "<group>"; };
		7E6A3C7F25BC1A2300B7D354 /* Assets.xcassets */ = {isa = PBXFileReference; lastKnownFileType = folder.assetcatalog; path = Assets.xcassets; sourceTree = "<group>"; };
		7E6A3C8225BC1A2300B7D354 /* Base */ = {isa = PBXFileReference; lastKnownFileType = file.storyboard; name = Base; path = Base.lproj/LaunchScreen.storyboard; sourceTree = "<group>"; };
		7E6A3C8425BC1A2300B7D354 /* Info.plist */ = {isa = PBXFileReference; lastKnownFileType = text.plist.xml; path = Info.plist; sourceTree = "<group>"; };
		7E6A3C8925BC1A2300B7D354 /* testTests.xctest */ = {isa = PBXFileReference; explicitFileType = wrapper.cfbundle; includeInIndex = 0; path = testTests.xctest; sourceTree = BUILT_PRODUCTS_DIR; };
		7E6A3C8D25BC1A2300B7D354 /* testTests.swift */ = {isa = PBXFileReference; lastKnownFileType = sourcecode.swift; path = testTests.swift; sourceTree = "<group>"; };
		7E6A3C8F25BC1A2300B7D354 /* Info.plist */ = {isa = PBXFileReference; lastKnownFileType = text.plist.xml; path = Info.plist; sourceTree = "<group>"; };
		7E6A3C9425BC1A2300B7D354 /* testUITests.xctest */ = {isa = PBXFileReference; explicitFileType = wrapper.cfbundle; includeInIndex = 0; path = testUITests.xctest; sourceTree = BUILT_PRODUCTS_DIR; };
		7E6A3C9825BC1A2300B7D354 /* testUITests.swift */ = {isa = PBXFileReference; lastKnownFileType = sourcecode.swift; path = testUITests.swift; sourceTree = "<group>"; };
		7E6A3C9A25BC1A2300B7D354 /* Info.plist */ = {isa = PBXFileReference; lastKnownFileType = text.plist.xml; path = Info.plist; sourceTree = "<group>"; };
/* End PBXFileReference section */

/* Begin PBXFrameworksBuildPhase section */
		7E6A3C7025BC1A2200B7D354 /* Frameworks */ = {
			isa = PBXFrameworksBuildPhase;
			buildActionMask = 2147483647;
			files = (
			);
			runOnlyForDeploymentPostprocessing = 0;
		};
		7E6A3C8625BC1A2300B7D354 /* Frameworks */ = {
			isa = PBXFrameworksBuildPhase;
			buildActionMask = 2147483647;
			files = (
			);
			runOnlyForDeploymentPostprocessing = 0;
		};
		7E6A3C9125BC1A2300B7D354 /* Frameworks */ = {
			isa = PBXFrameworksBuildPhase;
			buildActionMask = 2147483647;
			files = (
			);
			runOnlyForDeploymentPostprocessing = 0;
		};
/* End PBXFrameworksBuildPhase section */

/* Begin PBXGroup section */
		7E6A3C6A25BC1A2200B7D354 = {
			isa = PBXGroup;
			children = (
				7E6A3C7525BC1A2200B7D354 /* test */,
				7E6A3C8C25BC1A2300B7D354 /* testTests */,
				7E6A3C9725BC1A2300B7D354 /* testUITests */,
				7E6A3C7425BC1A2200B7D354 /* Products */,
			);
			sourceTree = "<group>";
		};
		7E6A3C7425BC1A2200B7D354 /* Products */ = {
			isa = PBXGroup;
			children = (
				7E6A3C7325BC1A2200B7D354 /* test.app */,
				7E6A3C8925BC1A2300B7D354 /* testTests.xctest */,
				7E6A3C9425BC1A2300B7D354 /* testUITests.xctest */,
			);
			name = Products;
			sourceTree = "<group>";
		};
		7E6A3C7525BC1A2200B7D354 /* test */ = {
			isa = PBXGroup;
			children = (
				7E6A3C7625BC1A2200B7D354 /* AppDelegate.swift */,
				7E6A3C7825BC1A2200B7D354 /* SceneDelegate.swift */,
				7E6A3C7A25BC1A2200B7D354 /* ViewController.swift */,
				7E6A3C7C25BC1A2200B7D354 /* Main.storyboard */,
				7E6A3C7F25BC1A2300B7D354 /* Assets.xcassets */,
				7E6A3C8125BC1A2300B7D354 /* LaunchScreen.storyboard */,
				7E6A3C8425BC1A2300B7D354 /* Info.plist */,
			);
			path = test;
			sourceTree = "<group>";
		};
		7E6A3C8C25BC1A2300B7D354 /* testTests */ = {
			isa = PBXGroup;
			children = (
				7E6A3C8D25BC1A2300B7D354 /* testTests.swift */,
				7E6A3C8F25BC1A2300B7D354 /* Info.plist */,
			);
			path = testTests;
			sourceTree = "<group>";
		};
		7E6A3C9725BC1A2300B7D354 /* testUITests */ = {
			isa = PBXGroup;
			children = (
				7E6A3C9825BC1A2300B7D354 /* testUITests.swift */,
				7E6A3C9A25BC1A2300B7D354 /* Info.plist */,
			);
			path = testUITests;
			sourceTree = "<group>";
		};
/* End PBXGroup section */

/* Begin PBXNativeTarget section */
		7E6A3C7225BC1A2200B7D354 /* test */ = {
			isa = PBXNativeTarget;
			buildConfigurationList = 7E6A3C9D25BC1A2400B7D354 /* Build configuration list for PBXNativeTarget "test" */;
			buildPhases = (
				7E6A3C6F25BC1A2200B7D354 /* Sources */,
				7E6A3C7025BC1A2200B7D354 /* Frameworks */,
				7E6A3C7125BC1A2200B7D354 /* Resources */,
			);
			buildRules = (
			);
			dependencies = (
			);
			name = test;
			productName = test;
			productReference = 7E6A3C7325BC1A2200B7D354 /* test.app */;
			productType = "com.apple.product-type.application";
		};
		7E6A3C8825BC1A2300B7D354 /* testTests */ = {
			isa = PBXNativeTarget;
			buildConfigurationList = 7E6A3CA025BC1A2400B7D354 /* Build configuration list for PBXNativeTarget "testTests" */;
			buildPhases = (
				7E6A3C8525BC1A2300B7D354 /* Sources */,
				7E6A3C8625BC1A2300B7D354 /* Frameworks */,
				7E6A3C8725BC1A2300B7D354 /* Resources */,
			);
			buildRules = (
			);
			dependencies = (
				7E6A3C8B25BC1A2300B7D354 /* PBXTargetDependency */,
			);
			name = testTests;
			productName = testTests;
			productReference = 7E6A3C8925BC1A2300B7D354 /* testTests.xctest */;
			productType = "com.apple.product-type.bundle.unit-test";
		};
		7E6A3C9325BC1A2300B7D354 /* testUITests */ = {
			isa = PBXNativeTarget;
			buildConfigurationList = 7E6A3CA325BC1A2400B7D354 /* Build configuration list for PBXNativeTarget "testUITests" */;
			buildPhases = (
				7E6A3C9025BC1A2300B7D354 /* Sources */,
				7E6A3C9125BC1A2300B7D354 /* Frameworks */,
				7E6A3C9225BC1A2300B7D354 /* Resources */,
			);
			buildRules = (
			);
			dependencies = (
				7E6A3C9625BC1A2300B7D354 /* PBXTargetDependency */,
			);
			name = testUITests;
			productName = testUITests;
			productReference = 7E6A3C9425BC1A2300B7D354 /* testUITests.xctest */;
			productType = "com.apple.product-type.bundle.ui-testing";
		};
/* End PBXNativeTarget section */

/* Begin PBXProject section */
		7E6A3C6B25BC1A2200B7D354 /* Project object */ = {
			isa = PBXProject;
			attributes = {
				LastSwiftUpdateCheck = 1230;
				LastUpgradeCheck = 1230;
				TargetAttributes = {
					7E6A3C7225BC1A2200B7D354 = {
						CreatedOnToolsVersion = 12.3;
					};
					7E6A3C8825BC1A2300B7D354 = {
						CreatedOnToolsVersion = 12.3;
						TestTargetID = 7E6A3C7225BC1A2200B7D354;
					};
					7E6A3C9325BC1A2300B7D354 = {
						CreatedOnToolsVersion = 12.3;
						TestTargetID = 7E6A3C7225BC1A2200B7D354;
					};
				};
			};
			buildConfigurationList = 7E6A3C6E25BC1A2200B7D354 /* Build configuration list for PBXProject "test" */;
			compatibilityVersion = "Xcode 9.3";
			developmentRegion = en;
			hasScannedForEncodings = 0;
			knownRegions = (
				en,
				Base,
			);
			mainGroup = 7E6A3C6A25BC1A2200B7D354;
			productRefGroup = 7E6A3C7425BC1A2200B7D354 /* Products */;
			projectDirPath = "";
			projectRoot = "";
			targets = (
				7E6A3C7225BC1A2200B7D354 /* test */,
				7E6A3C8825BC1A2300B7D354 /* testTests */,
				7E6A3C9325BC1A2300B7D354 /* testUITests */,
			);
		};
/* End PBXProject section */

/* Begin PBXResourcesBuildPhase section */
		7E6A3C7125BC1A2200B7D354 /* Resources */ = {
			isa = PBXResourcesBuildPhase;
			buildActionMask = 2147483647;
			files = (
				7E6A3C8325BC1A2300B7D354 /* LaunchScreen.storyboard in Resources */,
				7E6A3C8025BC1A2300B7D354 /* Assets.xcassets in Resources */,
				7E6A3C7E25BC1A2200B7D354 /* Main.storyboard in Resources */,
			);
			runOnlyForDeploymentPostprocessing = 0;
		};
		7E6A3C8725BC1A2300B7D354 /* Resources */ = {
			isa = PBXResourcesBuildPhase;
			buildActionMask = 2147483647;
			files = (
			);
			runOnlyForDeploymentPostprocessing = 0;
		};
		7E6A3C9225BC1A2300B7D354 /* Resources */ = {
			isa = PBXResourcesBuildPhase;
			buildActionMask = 2147483647;
			files = (
			);
			runOnlyForDeploymentPostprocessing = 0;
		};
/* End PBXResourcesBuildPhase section */

/* Begin PBXSourcesBuildPhase section */
		7E6A3C6F25BC1A2200B7D354 /* Sources */ = {
			isa = PBXSourcesBuildPhase;
			buildActionMask = 2147483647;
			files = (
				7E6A3C7B25BC1A2200B7D354 /* ViewController.swift in Sources */,
				7E6A3C7725BC1A2200B7D354 /* AppDelegate.swift in Sources */,
				7E6A3C7925BC1A2200B7D354 /* SceneDelegate.swift in Sources */,
			);
			runOnlyForDeploymentPostprocessing = 0;
		};
		7E6A3C8525BC1A2300B7D354 /* Sources */ = {
			isa = PBXSourcesBuildPhase;
			buildActionMask = 2147483647;
			files = (
				7E6A3C8E25BC1A2300B7D354 /* testTests.swift in Sources */,
			);
			runOnlyForDeploymentPostprocessing = 0;
		};
		7E6A3C9025BC1A2300B7D354 /* Sources */ = {
			isa = PBXSourcesBuildPhase;
			buildActionMask = 2147483647;
			files = (
				7E6A3C9925BC1A2300B7D354 /* testUITests.swift in Sources */,
			);
			runOnlyForDeploymentPostprocessing = 0;
		};
/* End PBXSourcesBuildPhase section */

/* Begin PBXTargetDependency section */
		7E6A3C8B25BC1A2300B7D354 /* PBXTargetDependency */ = {
			isa = PBXTargetDependency;
			target = 7E6A3C7225BC1A2200B7D354 /* test */;
			targetProxy = 7E6A3C8A25BC1A2300B7D354 /* PBXContainerItemProxy */;
		};
		7E6A3C9625BC1A2300B7D354 /* PBXTargetDependency */ = {
			isa = PBXTargetDependency;
			target = 7E6A3C7225BC1A2200B7D354 /* test */;
			targetProxy = 7E6A3C9525BC1A2300B7D354 /* PBXContainerItemProxy */;
		};
/* End PBXTargetDependency section */

/* Begin PBXVariantGroup section */
		7E6A3C7C25BC1A2200B7D354 /* Main.storyboard */ = {
			isa = PBXVariantGroup;
			children = (
				7E6A3C7D25BC1A2200B7D354 /* Base */,
			);
			name = Main.storyboard;
			sourceTree = "<group>";
		};
		7E6A3C8125BC1A2300B7D354 /* LaunchScreen.storyboard */ = {
			isa = PBXVariantGroup;
			children = (
				7E6A3C8225BC1A2300B7D354 /* Base */,
			);
			name = LaunchScreen.storyboard;
			sourceTree = "<group>";
		};
/* End PBXVariantGroup section */

/* Begin XCBuildConfiguration section */
		7E6A3C9B25BC1A2400B7D354 /* Debug */ = {
			isa = XCBuildConfiguration;
			buildSettings = {
				ALWAYS_SEARCH_USER_PATHS = NO;
				CLANG_ANALYZER_NONNULL = YES;
				CLANG_ANALYZER_NUMBER_OBJECT_CONVERSION = YES_AGGRESSIVE;
				CLANG_CXX_LANGUAGE_STANDARD = "gnu++14";
				CLANG_CXX_LIBRARY = "libc++";
				CLANG_ENABLE_MODULES = YES;
				CLANG_ENABLE_OBJC_ARC = YES;
				CLANG_ENABLE_OBJC_WEAK = YES;
				CLANG_WARN_BLOCK_CAPTURE_AUTORELEASING = YES;
				CLANG_WARN_BOOL_CONVERSION = YES;
				CLANG_WARN_COMMA = YES;
				CLANG_WARN_CONSTANT_CONVERSION = YES;
				CLANG_WARN_DEPRECATED_OBJC_IMPLEMENTATIONS = YES;
				CLANG_WARN_DIRECT_OBJC_ISA_USAGE = YES_ERROR;
				CLANG_WARN_DOCUMENTATION_COMMENTS = YES;
				CLANG_WARN_EMPTY_BODY = YES;
				CLANG_WARN_ENUM_CONVERSION = YES;
				CLANG_WARN_INFINITE_RECURSION = YES;
				CLANG_WARN_INT_CONVERSION = YES;
				CLANG_WARN_NON_LITERAL_NULL_CONVERSION = YES;
				CLANG_WARN_OBJC_IMPLICIT_RETAIN_SELF = YES;
				CLANG_WARN_OBJC_LITERAL_CONVERSION = YES;
				CLANG_WARN_OBJC_ROOT_CLASS = YES_ERROR;
				CLANG_WARN_QUOTED_INCLUDE_IN_FRAMEWORK_HEADER = YES;
				CLANG_WARN_RANGE_LOOP_ANALYSIS = YES;
				CLANG_WARN_STRICT_PROTOTYPES = YES;
				CLANG_WARN_SUSPICIOUS_MOVE = YES;
				CLANG_WARN_UNGUARDED_AVAILABILITY = YES_AGGRESSIVE;
				CLANG_WARN_UNREACHABLE_CODE = YES;
				CLANG_WARN__DUPLICATE_METHOD_MATCH = YES;
				COPY_PHASE_STRIP = NO;
				DEBUG_INFORMATION_FORMAT = dwarf;
				ENABLE_STRICT_OBJC_MSGSEND = YES;
				ENABLE_TESTABILITY = YES;
				GCC_C_LANGUAGE_STANDARD = gnu11;
				GCC_DYNAMIC_NO_PIC = NO;
				GCC_NO_COMMON_BLOCKS = YES;
				GCC_OPTIMIZATION_LEVEL = 0;
				GCC_PREPROCESSOR_DEFINITIONS = (
					"DEBUG=1",
					"$(inherited)",
				);
				GCC_WARN_64_TO_32_BIT_CONVERSION = YES;
				GCC_WARN_ABOUT_RETURN_TYPE = YES_ERROR;
				GCC_WARN_UNDECLARED_SELECTOR = YES;
				GCC_WARN_UNINITIALIZED_AUTOS = YES_AGGRESSIVE;
				GCC_WARN_UNUSED_FUNCTION = YES;
				GCC_WARN_UNUSED_VARIABLE = YES;
				IPHONEOS_DEPLOYMENT_TARGET = 14.3;
				MTL_ENABLE_DEBUG_INFO = INCLUDE_SOURCE;
				MTL_FAST_MATH = YES;
				ONLY_ACTIVE_ARCH = YES;
				SDKROOT = iphoneos;
				SWIFT_ACTIVE_COMPILATION_CONDITIONS = DEBUG;
				SWIFT_OPTIMIZATION_LEVEL = "-Onone";
			};
			name = Debug;
		};
		7E6A3C9C25BC1A2400B7D354 /* Release */ = {
			isa = XCBuildConfiguration;
			buildSettings = {
				ALWAYS_SEARCH_USER_PATHS = NO;
				CLANG_ANALYZER_NONNULL = YES;
				CLANG_ANALYZER_NUMBER_OBJECT_CONVERSION = YES_AGGRESSIVE;
				CLANG_CXX_LANGUAGE_STANDARD = "gnu++14";
				CLANG_CXX_LIBRARY = "libc++";
				CLANG_ENABLE_MODULES = YES;
				CLANG_ENABLE_OBJC_ARC = YES;
				CLANG_ENABLE_OBJC_WEAK = YES;
				CLANG_WARN_BLOCK_CAPTURE_AUTORELEASING = YES;
				CLANG_WARN_BOOL_CONVERSION = YES;
				CLANG_WARN_COMMA = YES;
				CLANG_WARN_CONSTANT_CONVERSION = YES;
				CLANG_WARN_DEPRECATED_OBJC_IMPLEMENTATIONS = YES;
				CLANG_WARN_DIRECT_OBJC_ISA_USAGE = YES_ERROR;
				CLANG_WARN_DOCUMENTATION_COMMENTS = YES;
				CLANG_WARN_EMPTY_BODY = YES;
				CLANG_WARN_ENUM_CONVERSION = YES;
				CLANG_WARN_INFINITE_RECURSION = YES;
				CLANG_WARN_INT_CONVERSION = YES;
				CLANG_WARN_NON_LITERAL_NULL_CONVERSION = YES;
				CLANG_WARN_OBJC_IMPLICIT_RETAIN_SELF = YES;
				CLANG_WARN_OBJC_LITERAL_CONVERSION = YES;
				CLANG_WARN_OBJC_ROOT_CLASS = YES_ERROR;
				CLANG_WARN_QUOTED_INCLUDE_IN_FRAMEWORK_HEADER = YES;
				CLANG_WARN_RANGE_LOOP_ANALYSIS = YES;
				CLANG_WARN_STRICT_PROTOTYPES = YES;
				CLANG_WARN_SUSPICIOUS_MOVE = YES;
				CLANG_WARN_UNGUARDED_AVAILABILITY = YES_AGGRESSIVE;
				CLANG_WARN_UNREACHABLE_CODE = YES;
				CLANG_WARN__DUPLICATE_METHOD_MATCH = YES;
				COPY_PHASE_STRIP = NO;
				DEBUG_INFORMATION_FORMAT = "dwarf-with-dsym";
				ENABLE_NS_ASSERTIONS = NO;
				ENABLE_STRICT_OBJC_MSGSEND = YES;
				GCC_C_LANGUAGE_STANDARD = gnu11;
				GCC_NO_COMMON_BLOCKS = YES;
				GCC_WARN_64_TO_32_BIT_CONVERSION = YES;
				GCC_WARN_ABOUT_RETURN_TYPE = YES_ERROR;
				GCC_WARN_UNDECLARED_SELECTOR = YES;
				GCC_WARN_UNINITIALIZED_AUTOS = YES_AGGRESSIVE;
				GCC_WARN_UNUSED_FUNCTION = YES;
				GCC_WARN_UNUSED_VARIABLE = YES;
				IPHONEOS_DEPLOYMENT_TARGET = 14.3;
				MTL_ENABLE_DEBUG_INFO = NO;
				MTL_FAST_MATH = YES;
				SDKROOT = iphoneos;
				SWIFT_COMPILATION_MODE = wholemodule;
				SWIFT_OPTIMIZATION_LEVEL = "-O";
				VALIDATE_PRODUCT = YES;
			};
			name = Release;
		};
		7E6A3C9E25BC1A2400B7D354 /* Debug */ = {
			isa = XCBuildConfiguration;
			buildSettings = {
				ASSETCATALOG_COMPILER_APPICON_NAME = AppIcon;
				ASSETCATALOG_COMPILER_GLOBAL_ACCENT_COLOR_NAME = AccentColor;
				CODE_SIGN_STYLE = Automatic;
				DEVELOPMENT_TEAM = XP5GW2792L;
				INFOPLIST_FILE = test/Info.plist;
				LD_RUNPATH_SEARCH_PATHS = (
					"$(inherited)",
					"@executable_path/Frameworks",
				);
				PRODUCT_BUNDLE_IDENTIFIER = com.kshitijakanase.test;
				PRODUCT_NAME = "$(TARGET_NAME)";
				SWIFT_VERSION = 5.0;
				TARGETED_DEVICE_FAMILY = "1,2";
			};
			name = Debug;
		};
		7E6A3C9F25BC1A2400B7D354 /* Release */ = {
			isa = XCBuildConfiguration;
			buildSettings = {
				ASSETCATALOG_COMPILER_APPICON_NAME = AppIcon;
				ASSETCATALOG_COMPILER_GLOBAL_ACCENT_COLOR_NAME = AccentColor;
				CODE_SIGN_STYLE = Automatic;
				DEVELOPMENT_TEAM = XP5GW2792L;
				INFOPLIST_FILE = test/Info.plist;
				LD_RUNPATH_SEARCH_PATHS = (
					"$(inherited)",
					"@executable_path/Frameworks",
				);
				PRODUCT_BUNDLE_IDENTIFIER = com.kshitijakanase.test;
				PRODUCT_NAME = "$(TARGET_NAME)";
				SWIFT_VERSION = 5.0;
				TARGETED_DEVICE_FAMILY = "1,2";
			};
			name = Release;
		};
		7E6A3CA125BC1A2400B7D354 /* Debug */ = {
			isa = XCBuildConfiguration;
			buildSettings = {
				ALWAYS_EMBED_SWIFT_STANDARD_LIBRARIES = YES;
				BUNDLE_LOADER = "$(TEST_HOST)";
				CODE_SIGN_STYLE = Automatic;
				DEVELOPMENT_TEAM = XP5GW2792L;
				INFOPLIST_FILE = testTests/Info.plist;
				IPHONEOS_DEPLOYMENT_TARGET = 14.3;
				LD_RUNPATH_SEARCH_PATHS = (
					"$(inherited)",
					"@executable_path/Frameworks",
					"@loader_path/Frameworks",
				);
				PRODUCT_BUNDLE_IDENTIFIER = com.kshitijakanase.testTests;
				PRODUCT_NAME = "$(TARGET_NAME)";
				SWIFT_VERSION = 5.0;
				TARGETED_DEVICE_FAMILY = "1,2";
				TEST_HOST = "$(BUILT_PRODUCTS_DIR)/test.app/test";
			};
			name = Debug;
		};
		7E6A3CA225BC1A2400B7D354 /* Release */ = {
			isa = XCBuildConfiguration;
			buildSettings = {
				ALWAYS_EMBED_SWIFT_STANDARD_LIBRARIES = YES;
				BUNDLE_LOADER = "$(TEST_HOST)";
				CODE_SIGN_STYLE = Automatic;
				DEVELOPMENT_TEAM = XP5GW2792L;
				INFOPLIST_FILE = testTests/Info.plist;
				IPHONEOS_DEPLOYMENT_TARGET = 14.3;
				LD_RUNPATH_SEARCH_PATHS = (
					"$(inherited)",
					"@executable_path/Frameworks",
					"@loader_path/Frameworks",
				);
				PRODUCT_BUNDLE_IDENTIFIER = com.kshitijakanase.testTests;
				PRODUCT_NAME = "$(TARGET_NAME)";
				SWIFT_VERSION = 5.0;
				TARGETED_DEVICE_FAMILY = "1,2";
				TEST_HOST = "$(BUILT_PRODUCTS_DIR)/test.app/test";
			};
			name = Release;
		};
		7E6A3CA425BC1A2400B7D354 /* Debug */ = {
			isa = XCBuildConfiguration;
			buildSettings = {
				ALWAYS_EMBED_SWIFT_STANDARD_LIBRARIES = YES;
				CODE_SIGN_STYLE = Automatic;
				DEVELOPMENT_TEAM = XP5GW2792L;
				INFOPLIST_FILE = testUITests/Info.plist;
				LD_RUNPATH_SEARCH_PATHS = (
					"$(inherited)",
					"@executable_path/Frameworks",
					"@loader_path/Frameworks",
				);
				PRODUCT_BUNDLE_IDENTIFIER = com.kshitijakanase.testUITests;
				PRODUCT_NAME = "$(TARGET_NAME)";
				SWIFT_VERSION = 5.0;
				TARGETED_DEVICE_FAMILY = "1,2";
				TEST_TARGET_NAME = test;
			};
			name = Debug;
		};
		7E6A3CA525BC1A2400B7D354 /* Release */ = {
			isa = XCBuildConfiguration;
			buildSettings = {
				ALWAYS_EMBED_SWIFT_STANDARD_LIBRARIES = YES;
				CODE_SIGN_STYLE = Automatic;
				DEVELOPMENT_TEAM = XP5GW2792L;
				INFOPLIST_FILE = testUITests/Info.plist;
				LD_RUNPATH_SEARCH_PATHS = (
					"$(inherited)",
					"@executable_path/Frameworks",
					"@loader_path/Frameworks",
				);
				PRODUCT_BUNDLE_IDENTIFIER = com.kshitijakanase.testUITests;
				PRODUCT_NAME = "$(TARGET_NAME)";
				SWIFT_VERSION = 5.0;
				TARGETED_DEVICE_FAMILY = "1,2";
				TEST_TARGET_NAME = test;
			};
			name = Release;
		};
/* End XCBuildConfiguration section */

/* Begin XCConfigurationList section */
		7E6A3C6E25BC1A2200B7D354 /* Build configuration list for PBXProject "test" */ = {
			isa = XCConfigurationList;
			buildConfigurations = (
				7E6A3C9B25BC1A2400B7D354 /* Debug */,
				7E6A3C9C25BC1A2400B7D354 /* Release */,
			);
			defaultConfigurationIsVisible = 0;
			defaultConfigurationName = Release;
		};
		7E6A3C9D25BC1A2400B7D354 /* Build configuration list for PBXNativeTarget "test" */ = {
			isa = XCConfigurationList;
			buildConfigurations = (
				7E6A3C9E25BC1A2400B7D354 /* Debug */,
				7E6A3C9F25BC1A2400B7D354 /* Release */,
			);
			defaultConfigurationIsVisible = 0;
			defaultConfigurationName = Release;
		};
		7E6A3CA025BC1A2400B7D354 /* Build configuration list for PBXNativeTarget "testTests" */ = {
			isa = XCConfigurationList;
			buildConfigurations = (
				7E6A3CA125BC1A2400B7D354 /* Debug */,
				7E6A3CA225BC1A2400B7D354 /* Release */,
			);
			defaultConfigurationIsVisible = 0;
			defaultConfigurationName = Release;
		};
		7E6A3CA325BC1A2400B7D354 /* Build configuration list for PBXNativeTarget "testUITests" */ = {
			isa = XCConfigurationList;
			buildConfigurations = (
				7E6A3CA425BC1A2400B7D354 /* Debug */,
				7E6A3CA525BC1A2400B7D354 /* Release */,
			);
			defaultConfigurationIsVisible = 0;
			defaultConfigurationName = Release;
		};
/* End XCConfigurationList section */
	};
	rootObject = 7E6A3C6B25BC1A2200B7D354 /* Project object */;
}
